{
    "version": 3,
    "terraform_version": "0.9.6",
    "serial": 0,
    "lineage": "7814b6b3-227c-43a9-ae55-fe54ca592d75",
    "modules": [
        {
            "path": [
                "root"
            ],
            "outputs": {
                "public_subnets_id": {
                    "sensitive": false,
                    "type": "list",
                    "value": [
                        "subnet-f974ddd5",
                        "subnet-4632550e"
                    ]
                }
            },
            "resources": {
                "aws_subnet.test_subnet1a": {
                    "type": "aws_subnet",
                    "depends_on": [
                        "aws_vpc.testterr"
                    ],
                    "primary": {
                        "id": "subnet-f974ddd5",
                        "attributes": {
                            "assign_ipv6_address_on_creation": "false",
                            "availability_zone": "us-east-1a",
                            "cidr_block": "172.16.16.0/20",
                            "id": "subnet-f974ddd5",
                            "map_public_ip_on_launch": "false",
                            "tags.%": "0",
                            "vpc_id": "vpc-0b5ffd72"
                        },
                        "meta": {
                            "schema_version": "1"
                        },
                        "tainted": false
                    },
                    "deposed": [],
                    "provider": ""
                },
                "aws_subnet.test_subnet1b": {
                    "type": "aws_subnet",
                    "depends_on": [
                        "aws_vpc.testterr"
                    ],
                    "primary": {
                        "id": "subnet-4632550e",
                        "attributes": {
                            "assign_ipv6_address_on_creation": "false",
                            "availability_zone": "us-east-1b",
                            "cidr_block": "172.16.32.0/20",
                            "id": "subnet-4632550e",
                            "map_public_ip_on_launch": "false",
                            "tags.%": "0",
                            "vpc_id": "vpc-0b5ffd72"
                        },
                        "meta": {
                            "schema_version": "1"
                        },
                        "tainted": false
                    },
                    "deposed": [],
                    "provider": ""
                },
                "aws_vpc.testterr": {
                    "type": "aws_vpc",
                    "depends_on": [],
                    "primary": {
                        "id": "vpc-0b5ffd72",
                        "attributes": {
                            "assign_generated_ipv6_cidr_block": "false",
                            "cidr_block": "172.16.0.0/16",
                            "default_network_acl_id": "acl-de85cba7",
                            "default_route_table_id": "rtb-32325d4a",
                            "default_security_group_id": "sg-c9df29b8",
                            "dhcp_options_id": "dopt-bb50e4dd",
                            "enable_classiclink": "false",
                            "enable_dns_hostnames": "false",
                            "enable_dns_support": "true",
                            "id": "vpc-0b5ffd72",
                            "instance_tenancy": "default",
                            "main_route_table_id": "rtb-32325d4a",
                            "tags.%": "0"
                        },
                        "meta": {
                            "schema_version": "1"
                        },
                        "tainted": false
                    },
                    "deposed": [],
                    "provider": ""
                }
            },
            "depends_on": []
        }
    ]
}
